// !$*UTF8*$!
{
	archiveVersion = 1;
	classes = {
	};
	objectVersion = 55;
	objects = {

/* Begin PBXBuildFile section */
		34E3EF6F288EC744009519F1 /* AppDelegate.swift in Sources */ = {isa = PBXBuildFile; fileRef = 34E3EF6E288EC744009519F1 /* AppDelegate.swift */; };
		34E3EF71288EC744009519F1 /* SceneDelegate.swift in Sources */ = {isa = PBXBuildFile; fileRef = 34E3EF70288EC744009519F1 /* SceneDelegate.swift */; };
		34E3EF73288EC744009519F1 /* ViewController.swift in Sources */ = {isa = PBXBuildFile; fileRef = 34E3EF72288EC744009519F1 /* ViewController.swift */; };
		34E3EF76288EC744009519F1 /* Main.storyboard in Resources */ = {isa = PBXBuildFile; fileRef = 34E3EF74288EC744009519F1 /* Main.storyboard */; };
		34E3EF78288EC744009519F1 /* Assets.xcassets in Resources */ = {isa = PBXBuildFile; fileRef = 34E3EF77288EC744009519F1 /* Assets.xcassets */; };
		34E3EF7B288EC744009519F1 /* LaunchScreen.storyboard in Resources */ = {isa = PBXBuildFile; fileRef = 34E3EF79288EC744009519F1 /* LaunchScreen.storyboard */; };
		34E3EF86288EC744009519F1 /* ReposListTaskTests.swift in Sources */ = {isa = PBXBuildFile; fileRef = 34E3EF85288EC744009519F1 /* ReposListTaskTests.swift */; };
		34E3EF90288EC744009519F1 /* ReposListTaskUITests.swift in Sources */ = {isa = PBXBuildFile; fileRef = 34E3EF8F288EC744009519F1 /* ReposListTaskUITests.swift */; };
		34E3EF92288EC744009519F1 /* ReposListTaskUITestsLaunchTests.swift in Sources */ = {isa = PBXBuildFile; fileRef = 34E3EF91288EC744009519F1 /* ReposListTaskUITestsLaunchTests.swift */; };
		34E3EF9F288EDC0F009519F1 /* AppCoordinator.swift in Sources */ = {isa = PBXBuildFile; fileRef = 34E3EF9E288EDC0F009519F1 /* AppCoordinator.swift */; };
		34E3EFA1288EE267009519F1 /* ReposListCoordinator.swift in Sources */ = {isa = PBXBuildFile; fileRef = 34E3EFA0288EE267009519F1 /* ReposListCoordinator.swift */; };
		34E3EFA3288EE45F009519F1 /* ReposListViewController.swift in Sources */ = {isa = PBXBuildFile; fileRef = 34E3EFA2288EE45F009519F1 /* ReposListViewController.swift */; };
		34E3EFA5288EF634009519F1 /* Colors.swift in Sources */ = {isa = PBXBuildFile; fileRef = 34E3EFA4288EF634009519F1 /* Colors.swift */; };
/* End PBXBuildFile section */

/* Begin PBXContainerItemProxy section */
		34E3EF82288EC744009519F1 /* PBXContainerItemProxy */ = {
			isa = PBXContainerItemProxy;
			containerPortal = 34E3EF63288EC744009519F1 /* Project object */;
			proxyType = 1;
			remoteGlobalIDString = 34E3EF6A288EC744009519F1;
			remoteInfo = ReposListTask;
		};
		34E3EF8C288EC744009519F1 /* PBXContainerItemProxy */ = {
			isa = PBXContainerItemProxy;
			containerPortal = 34E3EF63288EC744009519F1 /* Project object */;
			proxyType = 1;
			remoteGlobalIDString = 34E3EF6A288EC744009519F1;
			remoteInfo = ReposListTask;
		};
/* End PBXContainerItemProxy section */

/* Begin PBXFileReference section */
		34E3EF6B288EC744009519F1 /* ReposListTask.app */ = {isa = PBXFileReference; explicitFileType = wrapper.application; includeInIndex = 0; path = ReposListTask.app; sourceTree = BUILT_PRODUCTS_DIR; };
		34E3EF6E288EC744009519F1 /* AppDelegate.swift */ = {isa = PBXFileReference; lastKnownFileType = sourcecode.swift; path = AppDelegate.swift; sourceTree = "<group>"; };
		34E3EF70288EC744009519F1 /* SceneDelegate.swift */ = {isa = PBXFileReference; lastKnownFileType = sourcecode.swift; path = SceneDelegate.swift; sourceTree = "<group>"; };
		34E3EF72288EC744009519F1 /* ViewController.swift */ = {isa = PBXFileReference; lastKnownFileType = sourcecode.swift; path = ViewController.swift; sourceTree = "<group>"; };
		34E3EF75288EC744009519F1 /* Base */ = {isa = PBXFileReference; lastKnownFileType = file.storyboard; name = Base; path = Base.lproj/Main.storyboard; sourceTree = "<group>"; };
		34E3EF77288EC744009519F1 /* Assets.xcassets */ = {isa = PBXFileReference; lastKnownFileType = folder.assetcatalog; path = Assets.xcassets; sourceTree = "<group>"; };
		34E3EF7A288EC744009519F1 /* Base */ = {isa = PBXFileReference; lastKnownFileType = file.storyboard; name = Base; path = Base.lproj/LaunchScreen.storyboard; sourceTree = "<group>"; };
		34E3EF7C288EC744009519F1 /* Info.plist */ = {isa = PBXFileReference; lastKnownFileType = text.plist.xml; path = Info.plist; sourceTree = "<group>"; };
		34E3EF81288EC744009519F1 /* ReposListTaskTests.xctest */ = {isa = PBXFileReference; explicitFileType = wrapper.cfbundle; includeInIndex = 0; path = ReposListTaskTests.xctest; sourceTree = BUILT_PRODUCTS_DIR; };
		34E3EF85288EC744009519F1 /* ReposListTaskTests.swift */ = {isa = PBXFileReference; lastKnownFileType = sourcecode.swift; path = ReposListTaskTests.swift; sourceTree = "<group>"; };
		34E3EF8B288EC744009519F1 /* ReposListTaskUITests.xctest */ = {isa = PBXFileReference; explicitFileType = wrapper.cfbundle; includeInIndex = 0; path = ReposListTaskUITests.xctest; sourceTree = BUILT_PRODUCTS_DIR; };
		34E3EF8F288EC744009519F1 /* ReposListTaskUITests.swift */ = {isa = PBXFileReference; lastKnownFileType = sourcecode.swift; path = ReposListTaskUITests.swift; sourceTree = "<group>"; };
		34E3EF91288EC744009519F1 /* ReposListTaskUITestsLaunchTests.swift */ = {isa = PBXFileReference; lastKnownFileType = sourcecode.swift; path = ReposListTaskUITestsLaunchTests.swift; sourceTree = "<group>"; };
		34E3EF9E288EDC0F009519F1 /* AppCoordinator.swift */ = {isa = PBXFileReference; lastKnownFileType = sourcecode.swift; path = AppCoordinator.swift; sourceTree = "<group>"; };
		34E3EFA0288EE267009519F1 /* ReposListCoordinator.swift */ = {isa = PBXFileReference; lastKnownFileType = sourcecode.swift; path = ReposListCoordinator.swift; sourceTree = "<group>"; };
		34E3EFA2288EE45F009519F1 /* ReposListViewController.swift */ = {isa = PBXFileReference; lastKnownFileType = sourcecode.swift; path = ReposListViewController.swift; sourceTree = "<group>"; };
		34E3EFA4288EF634009519F1 /* Colors.swift */ = {isa = PBXFileReference; lastKnownFileType = sourcecode.swift; path = Colors.swift; sourceTree = "<group>"; };
/* End PBXFileReference section */

/* Begin PBXFrameworksBuildPhase section */
		34E3EF68288EC744009519F1 /* Frameworks */ = {
			isa = PBXFrameworksBuildPhase;
			buildActionMask = 2147483647;
			files = (
			);
			runOnlyForDeploymentPostprocessing = 0;
		};
		34E3EF7E288EC744009519F1 /* Frameworks */ = {
			isa = PBXFrameworksBuildPhase;
			buildActionMask = 2147483647;
			files = (
			);
			runOnlyForDeploymentPostprocessing = 0;
		};
		34E3EF88288EC744009519F1 /* Frameworks */ = {
			isa = PBXFrameworksBuildPhase;
			buildActionMask = 2147483647;
			files = (
			);
			runOnlyForDeploymentPostprocessing = 0;
		};
/* End PBXFrameworksBuildPhase section */

/* Begin PBXGroup section */
		34E3EF62288EC744009519F1 = {
			isa = PBXGroup;
			children = (
				34E3EF6D288EC744009519F1 /* ReposListTask */,
				34E3EF84288EC744009519F1 /* ReposListTaskTests */,
				34E3EF8E288EC744009519F1 /* ReposListTaskUITests */,
				34E3EF6C288EC744009519F1 /* Products */,
			);
			sourceTree = "<group>";
		};
		34E3EF6C288EC744009519F1 /* Products */ = {
			isa = PBXGroup;
			children = (
				34E3EF6B288EC744009519F1 /* ReposListTask.app */,
				34E3EF81288EC744009519F1 /* ReposListTaskTests.xctest */,
				34E3EF8B288EC744009519F1 /* ReposListTaskUITests.xctest */,
			);
			name = Products;
			sourceTree = "<group>";
		};
		34E3EF6D288EC744009519F1 /* ReposListTask */ = {
			isa = PBXGroup;
			children = (
				34E3EF6E288EC744009519F1 /* AppDelegate.swift */,
				34E3EF70288EC744009519F1 /* SceneDelegate.swift */,
				34E3EF72288EC744009519F1 /* ViewController.swift */,
				34E3EF74288EC744009519F1 /* Main.storyboard */,
				34E3EF77288EC744009519F1 /* Assets.xcassets */,
				34E3EF79288EC744009519F1 /* LaunchScreen.storyboard */,
				34E3EF7C288EC744009519F1 /* Info.plist */,
				34E3EF9E288EDC0F009519F1 /* AppCoordinator.swift */,
				34E3EFA0288EE267009519F1 /* ReposListCoordinator.swift */,
				34E3EFA2288EE45F009519F1 /* ReposListViewController.swift */,
				34E3EFA4288EF634009519F1 /* Colors.swift */,
			);
			path = ReposListTask;
			sourceTree = "<group>";
		};
		34E3EF84288EC744009519F1 /* ReposListTaskTests */ = {
			isa = PBXGroup;
			children = (
				34E3EF85288EC744009519F1 /* ReposListTaskTests.swift */,
			);
			path = ReposListTaskTests;
			sourceTree = "<group>";
		};
		34E3EF8E288EC744009519F1 /* ReposListTaskUITests */ = {
			isa = PBXGroup;
			children = (
				34E3EF8F288EC744009519F1 /* ReposListTaskUITests.swift */,
				34E3EF91288EC744009519F1 /* ReposListTaskUITestsLaunchTests.swift */,
			);
			path = ReposListTaskUITests;
			sourceTree = "<group>";
		};
/* End PBXGroup section */

/* Begin PBXNativeTarget section */
		34E3EF6A288EC744009519F1 /* ReposListTask */ = {
			isa = PBXNativeTarget;
			buildConfigurationList = 34E3EF95288EC744009519F1 /* Build configuration list for PBXNativeTarget "ReposListTask" */;
			buildPhases = (
				34E3EF67288EC744009519F1 /* Sources */,
				34E3EF68288EC744009519F1 /* Frameworks */,
				34E3EF69288EC744009519F1 /* Resources */,
			);
			buildRules = (
			);
			dependencies = (
			);
			name = ReposListTask;
			productName = ReposListTask;
			productReference = 34E3EF6B288EC744009519F1 /* ReposListTask.app */;
			productType = "com.apple.product-type.application";
		};
		34E3EF80288EC744009519F1 /* ReposListTaskTests */ = {
			isa = PBXNativeTarget;
			buildConfigurationList = 34E3EF98288EC744009519F1 /* Build configuration list for PBXNativeTarget "ReposListTaskTests" */;
			buildPhases = (
				34E3EF7D288EC744009519F1 /* Sources */,
				34E3EF7E288EC744009519F1 /* Frameworks */,
				34E3EF7F288EC744009519F1 /* Resources */,
			);
			buildRules = (
			);
			dependencies = (
				34E3EF83288EC744009519F1 /* PBXTargetDependency */,
			);
			name = ReposListTaskTests;
			productName = ReposListTaskTests;
			productReference = 34E3EF81288EC744009519F1 /* ReposListTaskTests.xctest */;
			productType = "com.apple.product-type.bundle.unit-test";
		};
		34E3EF8A288EC744009519F1 /* ReposListTaskUITests */ = {
			isa = PBXNativeTarget;
			buildConfigurationList = 34E3EF9B288EC744009519F1 /* Build configuration list for PBXNativeTarget "ReposListTaskUITests" */;
			buildPhases = (
				34E3EF87288EC744009519F1 /* Sources */,
				34E3EF88288EC744009519F1 /* Frameworks */,
				34E3EF89288EC744009519F1 /* Resources */,
			);
			buildRules = (
			);
			dependencies = (
				34E3EF8D288EC744009519F1 /* PBXTargetDependency */,
			);
			name = ReposListTaskUITests;
			productName = ReposListTaskUITests;
			productReference = 34E3EF8B288EC744009519F1 /* ReposListTaskUITests.xctest */;
			productType = "com.apple.product-type.bundle.ui-testing";
		};
/* End PBXNativeTarget section */

/* Begin PBXProject section */
		34E3EF63288EC744009519F1 /* Project object */ = {
			isa = PBXProject;
			attributes = {
				BuildIndependentTargetsInParallel = 1;
				LastSwiftUpdateCheck = 1340;
				LastUpgradeCheck = 1340;
				TargetAttributes = {
					34E3EF6A288EC744009519F1 = {
						CreatedOnToolsVersion = 13.4.1;
					};
					34E3EF80288EC744009519F1 = {
						CreatedOnToolsVersion = 13.4.1;
						TestTargetID = 34E3EF6A288EC744009519F1;
					};
					34E3EF8A288EC744009519F1 = {
						CreatedOnToolsVersion = 13.4.1;
						TestTargetID = 34E3EF6A288EC744009519F1;
					};
				};
			};
			buildConfigurationList = 34E3EF66288EC744009519F1 /* Build configuration list for PBXProject "ReposListTask" */;
			compatibilityVersion = "Xcode 13.0";
			developmentRegion = en;
			hasScannedForEncodings = 0;
			knownRegions = (
				en,
				Base,
			);
			mainGroup = 34E3EF62288EC744009519F1;
			productRefGroup = 34E3EF6C288EC744009519F1 /* Products */;
			projectDirPath = "";
			projectRoot = "";
			targets = (
				34E3EF6A288EC744009519F1 /* ReposListTask */,
				34E3EF80288EC744009519F1 /* ReposListTaskTests */,
				34E3EF8A288EC744009519F1 /* ReposListTaskUITests */,
			);
		};
/* End PBXProject section */

/* Begin PBXResourcesBuildPhase section */
		34E3EF69288EC744009519F1 /* Resources */ = {
			isa = PBXResourcesBuildPhase;
			buildActionMask = 2147483647;
			files = (
				34E3EF7B288EC744009519F1 /* LaunchScreen.storyboard in Resources */,
				34E3EF78288EC744009519F1 /* Assets.xcassets in Resources */,
				34E3EF76288EC744009519F1 /* Main.storyboard in Resources */,
			);
			runOnlyForDeploymentPostprocessing = 0;
		};
		34E3EF7F288EC744009519F1 /* Resources */ = {
			isa = PBXResourcesBuildPhase;
			buildActionMask = 2147483647;
			files = (
			);
			runOnlyForDeploymentPostprocessing = 0;
		};
		34E3EF89288EC744009519F1 /* Resources */ = {
			isa = PBXResourcesBuildPhase;
			buildActionMask = 2147483647;
			files = (
			);
			runOnlyForDeploymentPostprocessing = 0;
		};
/* End PBXResourcesBuildPhase section */

/* Begin PBXSourcesBuildPhase section */
		34E3EF67288EC744009519F1 /* Sources */ = {
			isa = PBXSourcesBuildPhase;
			buildActionMask = 2147483647;
			files = (
				34E3EF9F288EDC0F009519F1 /* AppCoordinator.swift in Sources */,
				34E3EF73288EC744009519F1 /* ViewController.swift in Sources */,
				34E3EFA3288EE45F009519F1 /* ReposListViewController.swift in Sources */,
				34E3EFA5288EF634009519F1 /* Colors.swift in Sources */,
				34E3EFA1288EE267009519F1 /* ReposListCoordinator.swift in Sources */,
				34E3EF6F288EC744009519F1 /* AppDelegate.swift in Sources */,
				34E3EF71288EC744009519F1 /* SceneDelegate.swift in Sources */,
			);
			runOnlyForDeploymentPostprocessing = 0;
		};
		34E3EF7D288EC744009519F1 /* Sources */ = {
			isa = PBXSourcesBuildPhase;
			buildActionMask = 2147483647;
			files = (
				34E3EF86288EC744009519F1 /* ReposListTaskTests.swift in Sources */,
			);
			runOnlyForDeploymentPostprocessing = 0;
		};
		34E3EF87288EC744009519F1 /* Sources */ = {
			isa = PBXSourcesBuildPhase;
			buildActionMask = 2147483647;
			files = (
				34E3EF90288EC744009519F1 /* ReposListTaskUITests.swift in Sources */,
				34E3EF92288EC744009519F1 /* ReposListTaskUITestsLaunchTests.swift in Sources */,
			);
			runOnlyForDeploymentPostprocessing = 0;
		};
/* End PBXSourcesBuildPhase section */

/* Begin PBXTargetDependency section */
		34E3EF83288EC744009519F1 /* PBXTargetDependency */ = {
			isa = PBXTargetDependency;
			target = 34E3EF6A288EC744009519F1 /* ReposListTask */;
			targetProxy = 34E3EF82288EC744009519F1 /* PBXContainerItemProxy */;
		};
		34E3EF8D288EC744009519F1 /* PBXTargetDependency */ = {
			isa = PBXTargetDependency;
			target = 34E3EF6A288EC744009519F1 /* ReposListTask */;
			targetProxy = 34E3EF8C288EC744009519F1 /* PBXContainerItemProxy */;
		};
/* End PBXTargetDependency section */

/* Begin PBXVariantGroup section */
		34E3EF74288EC744009519F1 /* Main.storyboard */ = {
			isa = PBXVariantGroup;
			children = (
				34E3EF75288EC744009519F1 /* Base */,
			);
			name = Main.storyboard;
			sourceTree = "<group>";
		};
		34E3EF79288EC744009519F1 /* LaunchScreen.storyboard */ = {
			isa = PBXVariantGroup;
			children = (
				34E3EF7A288EC744009519F1 /* Base */,
			);
			name = LaunchScreen.storyboard;
			sourceTree = "<group>";
		};
/* End PBXVariantGroup section */

/* Begin XCBuildConfiguration section */
		34E3EF93288EC744009519F1 /* Debug */ = {
			isa = XCBuildConfiguration;
			buildSettings = {
				ALWAYS_SEARCH_USER_PATHS = NO;
				CLANG_ANALYZER_NONNULL = YES;
				CLANG_ANALYZER_NUMBER_OBJECT_CONVERSION = YES_AGGRESSIVE;
				CLANG_CXX_LANGUAGE_STANDARD = "gnu++17";
				CLANG_ENABLE_MODULES = YES;
				CLANG_ENABLE_OBJC_ARC = YES;
				CLANG_ENABLE_OBJC_WEAK = YES;
				CLANG_WARN_BLOCK_CAPTURE_AUTORELEASING = YES;
				CLANG_WARN_BOOL_CONVERSION = YES;
				CLANG_WARN_COMMA = YES;
				CLANG_WARN_CONSTANT_CONVERSION = YES;
				CLANG_WARN_DEPRECATED_OBJC_IMPLEMENTATIONS = YES;
				CLANG_WARN_DIRECT_OBJC_ISA_USAGE = YES_ERROR;
				CLANG_WARN_DOCUMENTATION_COMMENTS = YES;
				CLANG_WARN_EMPTY_BODY = YES;
				CLANG_WARN_ENUM_CONVERSION = YES;
				CLANG_WARN_INFINITE_RECURSION = YES;
				CLANG_WARN_INT_CONVERSION = YES;
				CLANG_WARN_NON_LITERAL_NULL_CONVERSION = YES;
				CLANG_WARN_OBJC_IMPLICIT_RETAIN_SELF = YES;
				CLANG_WARN_OBJC_LITERAL_CONVERSION = YES;
				CLANG_WARN_OBJC_ROOT_CLASS = YES_ERROR;
				CLANG_WARN_QUOTED_INCLUDE_IN_FRAMEWORK_HEADER = YES;
				CLANG_WARN_RANGE_LOOP_ANALYSIS = YES;
				CLANG_WARN_STRICT_PROTOTYPES = YES;
				CLANG_WARN_SUSPICIOUS_MOVE = YES;
				CLANG_WARN_UNGUARDED_AVAILABILITY = YES_AGGRESSIVE;
				CLANG_WARN_UNREACHABLE_CODE = YES;
				CLANG_WARN__DUPLICATE_METHOD_MATCH = YES;
				COPY_PHASE_STRIP = NO;
				DEBUG_INFORMATION_FORMAT = dwarf;
				ENABLE_STRICT_OBJC_MSGSEND = YES;
				ENABLE_TESTABILITY = YES;
				GCC_C_LANGUAGE_STANDARD = gnu11;
				GCC_DYNAMIC_NO_PIC = NO;
				GCC_NO_COMMON_BLOCKS = YES;
				GCC_OPTIMIZATION_LEVEL = 0;
				GCC_PREPROCESSOR_DEFINITIONS = (
					"DEBUG=1",
					"$(inherited)",
				);
				GCC_WARN_64_TO_32_BIT_CONVERSION = YES;
				GCC_WARN_ABOUT_RETURN_TYPE = YES_ERROR;
				GCC_WARN_UNDECLARED_SELECTOR = YES;
				GCC_WARN_UNINITIALIZED_AUTOS = YES_AGGRESSIVE;
				GCC_WARN_UNUSED_FUNCTION = YES;
				GCC_WARN_UNUSED_VARIABLE = YES;
				IPHONEOS_DEPLOYMENT_TARGET = 15.5;
				MTL_ENABLE_DEBUG_INFO = INCLUDE_SOURCE;
				MTL_FAST_MATH = YES;
				ONLY_ACTIVE_ARCH = YES;
				SDKROOT = iphoneos;
				SWIFT_ACTIVE_COMPILATION_CONDITIONS = DEBUG;
				SWIFT_OPTIMIZATION_LEVEL = "-Onone";
			};
			name = Debug;
		};
		34E3EF94288EC744009519F1 /* Release */ = {
			isa = XCBuildConfiguration;
			buildSettings = {
				ALWAYS_SEARCH_USER_PATHS = NO;
				CLANG_ANALYZER_NONNULL = YES;
				CLANG_ANALYZER_NUMBER_OBJECT_CONVERSION = YES_AGGRESSIVE;
				CLANG_CXX_LANGUAGE_STANDARD = "gnu++17";
				CLANG_ENABLE_MODULES = YES;
				CLANG_ENABLE_OBJC_ARC = YES;
				CLANG_ENABLE_OBJC_WEAK = YES;
				CLANG_WARN_BLOCK_CAPTURE_AUTORELEASING = YES;
				CLANG_WARN_BOOL_CONVERSION = YES;
				CLANG_WARN_COMMA = YES;
				CLANG_WARN_CONSTANT_CONVERSION = YES;
				CLANG_WARN_DEPRECATED_OBJC_IMPLEMENTATIONS = YES;
				CLANG_WARN_DIRECT_OBJC_ISA_USAGE = YES_ERROR;
				CLANG_WARN_DOCUMENTATION_COMMENTS = YES;
				CLANG_WARN_EMPTY_BODY = YES;
				CLANG_WARN_ENUM_CONVERSION = YES;
				CLANG_WARN_INFINITE_RECURSION = YES;
				CLANG_WARN_INT_CONVERSION = YES;
				CLANG_WARN_NON_LITERAL_NULL_CONVERSION = YES;
				CLANG_WARN_OBJC_IMPLICIT_RETAIN_SELF = YES;
				CLANG_WARN_OBJC_LITERAL_CONVERSION = YES;
				CLANG_WARN_OBJC_ROOT_CLASS = YES_ERROR;
				CLANG_WARN_QUOTED_INCLUDE_IN_FRAMEWORK_HEADER = YES;
				CLANG_WARN_RANGE_LOOP_ANALYSIS = YES;
				CLANG_WARN_STRICT_PROTOTYPES = YES;
				CLANG_WARN_SUSPICIOUS_MOVE = YES;
				CLANG_WARN_UNGUARDED_AVAILABILITY = YES_AGGRESSIVE;
				CLANG_WARN_UNREACHABLE_CODE = YES;
				CLANG_WARN__DUPLICATE_METHOD_MATCH = YES;
				COPY_PHASE_STRIP = NO;
				DEBUG_INFORMATION_FORMAT = "dwarf-with-dsym";
				ENABLE_NS_ASSERTIONS = NO;
				ENABLE_STRICT_OBJC_MSGSEND = YES;
				GCC_C_LANGUAGE_STANDARD = gnu11;
				GCC_NO_COMMON_BLOCKS = YES;
				GCC_WARN_64_TO_32_BIT_CONVERSION = YES;
				GCC_WARN_ABOUT_RETURN_TYPE = YES_ERROR;
				GCC_WARN_UNDECLARED_SELECTOR = YES;
				GCC_WARN_UNINITIALIZED_AUTOS = YES_AGGRESSIVE;
				GCC_WARN_UNUSED_FUNCTION = YES;
				GCC_WARN_UNUSED_VARIABLE = YES;
				IPHONEOS_DEPLOYMENT_TARGET = 15.5;
				MTL_ENABLE_DEBUG_INFO = NO;
				MTL_FAST_MATH = YES;
				SDKROOT = iphoneos;
				SWIFT_COMPILATION_MODE = wholemodule;
				SWIFT_OPTIMIZATION_LEVEL = "-O";
				VALIDATE_PRODUCT = YES;
			};
			name = Release;
		};
		34E3EF96288EC744009519F1 /* Debug */ = {
			isa = XCBuildConfiguration;
			buildSettings = {
				ASSETCATALOG_COMPILER_APPICON_NAME = AppIcon;
				ASSETCATALOG_COMPILER_GLOBAL_ACCENT_COLOR_NAME = AccentColor;
				CODE_SIGN_STYLE = Automatic;
				CURRENT_PROJECT_VERSION = 1;
				GENERATE_INFOPLIST_FILE = YES;
				INFOPLIST_FILE = ReposListTask/Info.plist;
				INFOPLIST_KEY_UIApplicationSupportsIndirectInputEvents = YES;
				INFOPLIST_KEY_UILaunchStoryboardName = LaunchScreen;
				INFOPLIST_KEY_UIMainStoryboardFile = Main;
				INFOPLIST_KEY_UISupportedInterfaceOrientations_iPad = "UIInterfaceOrientationPortrait UIInterfaceOrientationPortraitUpsideDown UIInterfaceOrientationLandscapeLeft UIInterfaceOrientationLandscapeRight";
				INFOPLIST_KEY_UISupportedInterfaceOrientations_iPhone = "UIInterfaceOrientationPortrait UIInterfaceOrientationLandscapeLeft UIInterfaceOrientationLandscapeRight";
				LD_RUNPATH_SEARCH_PATHS = (
					"$(inherited)",
					"@executable_path/Frameworks",
				);
				MARKETING_VERSION = 1.0;
				PRODUCT_BUNDLE_IDENTIFIER = test.ReposListTask;
				PRODUCT_NAME = "$(TARGET_NAME)";
				SWIFT_EMIT_LOC_STRINGS = YES;
				SWIFT_VERSION = 5.0;
				TARGETED_DEVICE_FAMILY = "1,2";
			};
			name = Debug;
		};
		34E3EF97288EC744009519F1 /* Release */ = {
			isa = XCBuildConfiguration;
			buildSettings = {
				ASSETCATALOG_COMPILER_APPICON_NAME = AppIcon;
				ASSETCATALOG_COMPILER_GLOBAL_ACCENT_COLOR_NAME = AccentColor;
				CODE_SIGN_STYLE = Automatic;
				CURRENT_PROJECT_VERSION = 1;
				GENERATE_INFOPLIST_FILE = YES;
				INFOPLIST_FILE = ReposListTask/Info.plist;
				INFOPLIST_KEY_UIApplicationSupportsIndirectInputEvents = YES;
				INFOPLIST_KEY_UILaunchStoryboardName = LaunchScreen;
				INFOPLIST_KEY_UIMainStoryboardFile = Main;
				INFOPLIST_KEY_UISupportedInterfaceOrientations_iPad = "UIInterfaceOrientationPortrait UIInterfaceOrientationPortraitUpsideDown UIInterfaceOrientationLandscapeLeft UIInterfaceOrientationLandscapeRight";
				INFOPLIST_KEY_UISupportedInterfaceOrientations_iPhone = "UIInterfaceOrientationPortrait UIInterfaceOrientationLandscapeLeft UIInterfaceOrientationLandscapeRight";
				LD_RUNPATH_SEARCH_PATHS = (
					"$(inherited)",
					"@executable_path/Frameworks",
				);
				MARKETING_VERSION = 1.0;
				PRODUCT_BUNDLE_IDENTIFIER = test.ReposListTask;
				PRODUCT_NAME = "$(TARGET_NAME)";
				SWIFT_EMIT_LOC_STRINGS = YES;
				SWIFT_VERSION = 5.0;
				TARGETED_DEVICE_FAMILY = "1,2";
			};
			name = Release;
		};
		34E3EF99288EC744009519F1 /* Debug */ = {
			isa = XCBuildConfiguration;
			buildSettings = {
				ALWAYS_EMBED_SWIFT_STANDARD_LIBRARIES = YES;
				BUNDLE_LOADER = "$(TEST_HOST)";
				CODE_SIGN_STYLE = Automatic;
				CURRENT_PROJECT_VERSION = 1;
				GENERATE_INFOPLIST_FILE = YES;
				IPHONEOS_DEPLOYMENT_TARGET = 15.5;
				MARKETING_VERSION = 1.0;
				PRODUCT_BUNDLE_IDENTIFIER = test.ReposListTaskTests;
				PRODUCT_NAME = "$(TARGET_NAME)";
				SWIFT_EMIT_LOC_STRINGS = NO;
				SWIFT_VERSION = 5.0;
				TARGETED_DEVICE_FAMILY = "1,2";
				TEST_HOST = "$(BUILT_PRODUCTS_DIR)/ReposListTask.app/ReposListTask";
			};
			name = Debug;
		};
		34E3EF9A288EC744009519F1 /* Release */ = {
			isa = XCBuildConfiguration;
			buildSettings = {
				ALWAYS_EMBED_SWIFT_STANDARD_LIBRARIES = YES;
				BUNDLE_LOADER = "$(TEST_HOST)";
				CODE_SIGN_STYLE = Automatic;
				CURRENT_PROJECT_VERSION = 1;
				GENERATE_INFOPLIST_FILE = YES;
				IPHONEOS_DEPLOYMENT_TARGET = 15.5;
				MARKETING_VERSION = 1.0;
				PRODUCT_BUNDLE_IDENTIFIER = test.ReposListTaskTests;
				PRODUCT_NAME = "$(TARGET_NAME)";
				SWIFT_EMIT_LOC_STRINGS = NO;
				SWIFT_VERSION = 5.0;
				TARGETED_DEVICE_FAMILY = "1,2";
				TEST_HOST = "$(BUILT_PRODUCTS_DIR)/ReposListTask.app/ReposListTask";
			};
			name = Release;
		};
		34E3EF9C288EC744009519F1 /* Debug */ = {
			isa = XCBuildConfiguration;
			buildSettings = {
				ALWAYS_EMBED_SWIFT_STANDARD_LIBRARIES = YES;
				CODE_SIGN_STYLE = Automatic;
				CURRENT_PROJECT_VERSION = 1;
				GENERATE_INFOPLIST_FILE = YES;
				MARKETING_VERSION = 1.0;
				PRODUCT_BUNDLE_IDENTIFIER = test.ReposListTaskUITests;
				PRODUCT_NAME = "$(TARGET_NAME)";
				SWIFT_EMIT_LOC_STRINGS = NO;
				SWIFT_VERSION = 5.0;
				TARGETED_DEVICE_FAMILY = "1,2";
				TEST_TARGET_NAME = ReposListTask;
			};
			name = Debug;
		};
		34E3EF9D288EC744009519F1 /* Release */ = {
			isa = XCBuildConfiguration;
			buildSettings = {
				ALWAYS_EMBED_SWIFT_STANDARD_LIBRARIES = YES;
				CODE_SIGN_STYLE = Automatic;
				CURRENT_PROJECT_VERSION = 1;
				GENERATE_INFOPLIST_FILE = YES;
				MARKETING_VERSION = 1.0;
				PRODUCT_BUNDLE_IDENTIFIER = test.ReposListTaskUITests;
				PRODUCT_NAME = "$(TARGET_NAME)";
				SWIFT_EMIT_LOC_STRINGS = NO;
				SWIFT_VERSION = 5.0;
				TARGETED_DEVICE_FAMILY = "1,2";
				TEST_TARGET_NAME = ReposListTask;
			};
			name = Release;
		};
/* End XCBuildConfiguration section */

/* Begin XCConfigurationList section */
		34E3EF66288EC744009519F1 /* Build configuration list for PBXProject "ReposListTask" */ = {
			isa = XCConfigurationList;
			buildConfigurations = (
				34E3EF93288EC744009519F1 /* Debug */,
				34E3EF94288EC744009519F1 /* Release */,
			);
			defaultConfigurationIsVisible = 0;
			defaultConfigurationName = Release;
		};
		34E3EF95288EC744009519F1 /* Build configuration list for PBXNativeTarget "ReposListTask" */ = {
			isa = XCConfigurationList;
			buildConfigurations = (
				34E3EF96288EC744009519F1 /* Debug */,
				34E3EF97288EC744009519F1 /* Release */,
			);
			defaultConfigurationIsVisible = 0;
			defaultConfigurationName = Release;
		};
		34E3EF98288EC744009519F1 /* Build configuration list for PBXNativeTarget "ReposListTaskTests" */ = {
			isa = XCConfigurationList;
			buildConfigurations = (
				34E3EF99288EC744009519F1 /* Debug */,
				34E3EF9A288EC744009519F1 /* Release */,
			);
			defaultConfigurationIsVisible = 0;
			defaultConfigurationName = Release;
		};
		34E3EF9B288EC744009519F1 /* Build configuration list for PBXNativeTarget "ReposListTaskUITests" */ = {
			isa = XCConfigurationList;
			buildConfigurations = (
				34E3EF9C288EC744009519F1 /* Debug */,
				34E3EF9D288EC744009519F1 /* Release */,
			);
			defaultConfigurationIsVisible = 0;
			defaultConfigurationName = Release;
		};
/* End XCConfigurationList section */
	};
	rootObject = 34E3EF63288EC744009519F1 /* Project object */;
}
